
Microsoft Visual Studio Solution File, Format Version 12.00
# Visual Studio Version 16
VisualStudioVersion = 16.0.30011.22
MinimumVisualStudioVersion = 10.0.40219.1
Project("{FAE04EC0-301F-11D3-BF4B-00C04F79EFBC}") = "TestGit", "TestGit\TestGit.csproj", "{F438A004-DB29-456C-A1C3-84B166AC7D48}"
EndProject
Global
	GlobalSection(SolutionConfigurationPlatforms) = preSolution
		Debug|Any CPU = Debug|Any CPU
		Release|Any CPU = Release|Any CPU
	EndGlobalSection
	GlobalSection(ProjectConfigurationPlatforms) = postSolution
		{F438A004-DB29-456C-A1C3-84B166AC7D48}.Debug|Any CPU.ActiveCfg = Debug|Any CPU
		{F438A004-DB29-456C-A1C3-84B166AC7D48}.Debug|Any CPU.Build.0 = Debug|Any CPU
		{F438A004-DB29-456C-A1C3-84B166AC7D48}.Release|Any CPU.ActiveCfg = Release|Any CPU
		{F438A004-DB29-456C-A1C3-84B166AC7D48}.Release|Any CPU.Build.0 = Release|Any CPU
	EndGlobalSection
	GlobalSection(SolutionProperties) = preSolution
		HideSolutionNode = FALSE
	EndGlobalSection
	GlobalSection(ExtensibilityGlobals) = postSolution
		SolutionGuid = {0BB798D6-7DB9-4379-A519-090A0D8EB45F}
	EndGlobalSection
EndGlobal
